
Microsoft Visual Studio Solution File, Format Version 12.00
# Visual Studio Version 17
VisualStudioVersion = 17.12.35527.113 d17.12
MinimumVisualStudioVersion = 10.0.40219.1
Project("{FAE04EC0-301F-11D3-BF4B-00C04F79EFBC}") = "KutuphaneOtomasyonWinForm2", "KutuphaneOtomasyonWinForm2\KutuphaneOtomasyonWinForm2.csproj", "{20BC5325-51DD-4765-9639-19B11CC6DABD}"
EndProject
Global
	GlobalSection(SolutionConfigurationPlatforms) = preSolution
		Debug|Any CPU = Debug|Any CPU
		Release|Any CPU = Release|Any CPU
	EndGlobalSection
	GlobalSection(ProjectConfigurationPlatforms) = postSolution
		{20BC5325-51DD-4765-9639-19B11CC6DABD}.Debug|Any CPU.ActiveCfg = Debug|Any CPU
		{20BC5325-51DD-4765-9639-19B11CC6DABD}.Debug|Any CPU.Build.0 = Debug|Any CPU
		{20BC5325-51DD-4765-9639-19B11CC6DABD}.Release|Any CPU.ActiveCfg = Release|Any CPU
		{20BC5325-51DD-4765-9639-19B11CC6DABD}.Release|Any CPU.Build.0 = Release|Any CPU
	EndGlobalSection
	GlobalSection(SolutionProperties) = preSolution
		HideSolutionNode = FALSE
	EndGlobalSection
EndGlobal
